
Microsoft Visual Studio Solution File, Format Version 12.00
# Visual Studio Version 17
VisualStudioVersion = 17.3.32819.101
MinimumVisualStudioVersion = 10.0.40219.1
Project("{FAE04EC0-301F-11D3-BF4B-00C04F79EFBC}") = "pryArlaBD", "pryArlaBD.csproj", "{AD06430D-D571-499B-875A-6CD0147ADF96}"
EndProject
Global
	GlobalSection(SolutionConfigurationPlatforms) = preSolution
		Debug|Any CPU = Debug|Any CPU
		Release|Any CPU = Release|Any CPU
	EndGlobalSection
	GlobalSection(ProjectConfigurationPlatforms) = postSolution
		{AD06430D-D571-499B-875A-6CD0147ADF96}.Debug|Any CPU.ActiveCfg = Debug|Any CPU
		{AD06430D-D571-499B-875A-6CD0147ADF96}.Debug|Any CPU.Build.0 = Debug|Any CPU
		{AD06430D-D571-499B-875A-6CD0147ADF96}.Release|Any CPU.ActiveCfg = Release|Any CPU
		{AD06430D-D571-499B-875A-6CD0147ADF96}.Release|Any CPU.Build.0 = Release|Any CPU
	EndGlobalSection
	GlobalSection(SolutionProperties) = preSolution
		HideSolutionNode = FALSE
	EndGlobalSection
	GlobalSection(ExtensibilityGlobals) = postSolution
		SolutionGuid = {6839380E-F941-48D8-A3CA-B41109336623}
	EndGlobalSection
EndGlobal
